
Microsoft Visual Studio Solution File, Format Version 12.00
# Visual Studio Version 16
VisualStudioVersion = 16.0.29123.88
MinimumVisualStudioVersion = 10.0.40219.1
Project("{FAE04EC0-301F-11D3-BF4B-00C04F79EFBC}") = "ZXC.DL", "ZXC.DL.csproj", "{05A88148-CEF7-4A3E-AE15-E66701407011}"
EndProject
Project("{FAE04EC0-301F-11D3-BF4B-00C04F79EFBC}") = "ConsoleApp1", "..\ConsoleApp1\ConsoleApp1.csproj", "{2267AC41-E1D1-4F38-814D-0C83F9252BA2}"
EndProject
Project("{FAE04EC0-301F-11D3-BF4B-00C04F79EFBC}") = "ZXC.BL", "..\ZXC.BL\ZXC.BL.csproj", "{750E189D-8833-4551-87A4-E498661B4284}"
EndProject
Project("{FAE04EC0-301F-11D3-BF4B-00C04F79EFBC}") = "ZXC.MODEL", "..\ZXC.MODEL\ZXC.MODEL.csproj", "{DD03A0AD-0E73-4C41-978C-D1686C5CD45A}"
EndProject
Project("{FAE04EC0-301F-11D3-BF4B-00C04F79EFBC}") = "ZXC.UI", "..\ZXC.UI\ZXC.UI.csproj", "{41B2F6CB-D4E7-4FD9-8133-185DDFC63970}"
EndProject
Global
	GlobalSection(SolutionConfigurationPlatforms) = preSolution
		Debug|Any CPU = Debug|Any CPU
		Release|Any CPU = Release|Any CPU
	EndGlobalSection
	GlobalSection(ProjectConfigurationPlatforms) = postSolution
		{05A88148-CEF7-4A3E-AE15-E66701407011}.Debug|Any CPU.ActiveCfg = Debug|Any CPU
		{05A88148-CEF7-4A3E-AE15-E66701407011}.Debug|Any CPU.Build.0 = Debug|Any CPU
		{05A88148-CEF7-4A3E-AE15-E66701407011}.Release|Any CPU.ActiveCfg = Release|Any CPU
		{05A88148-CEF7-4A3E-AE15-E66701407011}.Release|Any CPU.Build.0 = Release|Any CPU
		{2267AC41-E1D1-4F38-814D-0C83F9252BA2}.Debug|Any CPU.ActiveCfg = Debug|Any CPU
		{2267AC41-E1D1-4F38-814D-0C83F9252BA2}.Debug|Any CPU.Build.0 = Debug|Any CPU
		{2267AC41-E1D1-4F38-814D-0C83F9252BA2}.Release|Any CPU.ActiveCfg = Release|Any CPU
		{2267AC41-E1D1-4F38-814D-0C83F9252BA2}.Release|Any CPU.Build.0 = Release|Any CPU
		{750E189D-8833-4551-87A4-E498661B4284}.Debug|Any CPU.ActiveCfg = Debug|Any CPU
		{750E189D-8833-4551-87A4-E498661B4284}.Debug|Any CPU.Build.0 = Debug|Any CPU
		{750E189D-8833-4551-87A4-E498661B4284}.Release|Any CPU.ActiveCfg = Release|Any CPU
		{750E189D-8833-4551-87A4-E498661B4284}.Release|Any CPU.Build.0 = Release|Any CPU
		{DD03A0AD-0E73-4C41-978C-D1686C5CD45A}.Debug|Any CPU.ActiveCfg = Debug|Any CPU
		{DD03A0AD-0E73-4C41-978C-D1686C5CD45A}.Debug|Any CPU.Build.0 = Debug|Any CPU
		{DD03A0AD-0E73-4C41-978C-D1686C5CD45A}.Release|Any CPU.ActiveCfg = Release|Any CPU
		{DD03A0AD-0E73-4C41-978C-D1686C5CD45A}.Release|Any CPU.Build.0 = Release|Any CPU
		{41B2F6CB-D4E7-4FD9-8133-185DDFC63970}.Debug|Any CPU.ActiveCfg = Debug|Any CPU
		{41B2F6CB-D4E7-4FD9-8133-185DDFC63970}.Debug|Any CPU.Build.0 = Debug|Any CPU
		{41B2F6CB-D4E7-4FD9-8133-185DDFC63970}.Release|Any CPU.ActiveCfg = Release|Any CPU
		{41B2F6CB-D4E7-4FD9-8133-185DDFC63970}.Release|Any CPU.Build.0 = Release|Any CPU
	EndGlobalSection
	GlobalSection(SolutionProperties) = preSolution
		HideSolutionNode = FALSE
	EndGlobalSection
	GlobalSection(ExtensibilityGlobals) = postSolution
		SolutionGuid = {8896C474-D9FD-4730-8B7E-9686E0629D07}
	EndGlobalSection
EndGlobal
